
Microsoft Visual Studio Solution File, Format Version 12.00
# Visual Studio Version 17
VisualStudioVersion = 17.11.35327.3
MinimumVisualStudioVersion = 10.0.40219.1
Project("{2150E333-8FDC-42A3-9474-1A3956D46DE8}") = "Client", "Client", "{F5F6882E-6C28-416E-A7DB-53FB205F97AA}"
EndProject
Project("{2150E333-8FDC-42A3-9474-1A3956D46DE8}") = "Server", "Server", "{D37326B2-69C5-47CB-8938-75F57103CE4A}"
EndProject
Project("{2150E333-8FDC-42A3-9474-1A3956D46DE8}") = "Shell.Domain", "Shell.Domain", "{AF817397-9C7E-4A04-8EA7-81235389553E}"
EndProject
Project("{2150E333-8FDC-42A3-9474-1A3956D46DE8}") = "Shell.Infrastructure", "Shell.Infrastructure", "{E36387E0-FB42-461D-8F67-87A146013757}"
EndProject
Project("{2150E333-8FDC-42A3-9474-1A3956D46DE8}") = "Shell.Application", "Shell.Application", "{6F23647A-0722-45B5-8747-15012D4CDC67}"
EndProject
Project("{9A19103F-16F7-4668-BE54-9A1E7A4F7556}") = "Shell.Application", "Shell.Application\Shell.Application.csproj", "{BC9D6679-DEEB-4D85-AC8D-9B98DB9B5DA4}"
EndProject
Project("{9A19103F-16F7-4668-BE54-9A1E7A4F7556}") = "Shell.Domain", "Shell.Domain\Shell.Domain.csproj", "{73137FE3-62B0-46C6-B0CA-A932C5DE0022}"
EndProject
Project("{9A19103F-16F7-4668-BE54-9A1E7A4F7556}") = "Shell.Persistence", "Shell.Persistence\Shell.Persistence.csproj", "{C2BEE3F8-7A00-4F3B-868D-67A12C10FBC3}"
EndProject
Project("{2150E333-8FDC-42A3-9474-1A3956D46DE8}") = "Shell.Presentation", "Shell.Presentation", "{8E410518-04ED-41CC-B95A-B244350CAC40}"
EndProject
Project("{9A19103F-16F7-4668-BE54-9A1E7A4F7556}") = "TestDb", "TestDb\TestDb.csproj", "{6BFD0D5F-FC66-47E0-9AB0-89983917209B}"
EndProject
Project("{9A19103F-16F7-4668-BE54-9A1E7A4F7556}") = "Shell.WebApi", "Shell.WebApi\Shell.WebApi.csproj", "{9D1FF999-8E4B-4E44-8926-F14B76928DED}"
EndProject
Project("{FAE04EC0-301F-11D3-BF4B-00C04F79EFBC}") = "Shell", "Shell\Shell.csproj", "{CBAEBFED-F9EF-484E-85BC-82CB170AA997}"
EndProject
Global
	GlobalSection(SolutionConfigurationPlatforms) = preSolution
		Debug|Any CPU = Debug|Any CPU
		Release|Any CPU = Release|Any CPU
	EndGlobalSection
	GlobalSection(ProjectConfigurationPlatforms) = postSolution
		{BC9D6679-DEEB-4D85-AC8D-9B98DB9B5DA4}.Debug|Any CPU.ActiveCfg = Debug|Any CPU
		{BC9D6679-DEEB-4D85-AC8D-9B98DB9B5DA4}.Debug|Any CPU.Build.0 = Debug|Any CPU
		{BC9D6679-DEEB-4D85-AC8D-9B98DB9B5DA4}.Release|Any CPU.ActiveCfg = Release|Any CPU
		{BC9D6679-DEEB-4D85-AC8D-9B98DB9B5DA4}.Release|Any CPU.Build.0 = Release|Any CPU
		{73137FE3-62B0-46C6-B0CA-A932C5DE0022}.Debug|Any CPU.ActiveCfg = Debug|Any CPU
		{73137FE3-62B0-46C6-B0CA-A932C5DE0022}.Debug|Any CPU.Build.0 = Debug|Any CPU
		{73137FE3-62B0-46C6-B0CA-A932C5DE0022}.Release|Any CPU.ActiveCfg = Release|Any CPU
		{73137FE3-62B0-46C6-B0CA-A932C5DE0022}.Release|Any CPU.Build.0 = Release|Any CPU
		{C2BEE3F8-7A00-4F3B-868D-67A12C10FBC3}.Debug|Any CPU.ActiveCfg = Debug|Any CPU
		{C2BEE3F8-7A00-4F3B-868D-67A12C10FBC3}.Debug|Any CPU.Build.0 = Debug|Any CPU
		{C2BEE3F8-7A00-4F3B-868D-67A12C10FBC3}.Release|Any CPU.ActiveCfg = Release|Any CPU
		{C2BEE3F8-7A00-4F3B-868D-67A12C10FBC3}.Release|Any CPU.Build.0 = Release|Any CPU
		{6BFD0D5F-FC66-47E0-9AB0-89983917209B}.Debug|Any CPU.ActiveCfg = Debug|Any CPU
		{6BFD0D5F-FC66-47E0-9AB0-89983917209B}.Debug|Any CPU.Build.0 = Debug|Any CPU
		{6BFD0D5F-FC66-47E0-9AB0-89983917209B}.Release|Any CPU.ActiveCfg = Release|Any CPU
		{6BFD0D5F-FC66-47E0-9AB0-89983917209B}.Release|Any CPU.Build.0 = Release|Any CPU
		{9D1FF999-8E4B-4E44-8926-F14B76928DED}.Debug|Any CPU.ActiveCfg = Debug|Any CPU
		{9D1FF999-8E4B-4E44-8926-F14B76928DED}.Debug|Any CPU.Build.0 = Debug|Any CPU
		{9D1FF999-8E4B-4E44-8926-F14B76928DED}.Release|Any CPU.ActiveCfg = Release|Any CPU
		{9D1FF999-8E4B-4E44-8926-F14B76928DED}.Release|Any CPU.Build.0 = Release|Any CPU
		{CBAEBFED-F9EF-484E-85BC-82CB170AA997}.Debug|Any CPU.ActiveCfg = Debug|Any CPU
		{CBAEBFED-F9EF-484E-85BC-82CB170AA997}.Debug|Any CPU.Build.0 = Debug|Any CPU
		{CBAEBFED-F9EF-484E-85BC-82CB170AA997}.Release|Any CPU.ActiveCfg = Release|Any CPU
		{CBAEBFED-F9EF-484E-85BC-82CB170AA997}.Release|Any CPU.Build.0 = Release|Any CPU
	EndGlobalSection
	GlobalSection(SolutionProperties) = preSolution
		HideSolutionNode = FALSE
	EndGlobalSection
	GlobalSection(NestedProjects) = preSolution
		{AF817397-9C7E-4A04-8EA7-81235389553E} = {D37326B2-69C5-47CB-8938-75F57103CE4A}
		{E36387E0-FB42-461D-8F67-87A146013757} = {D37326B2-69C5-47CB-8938-75F57103CE4A}
		{6F23647A-0722-45B5-8747-15012D4CDC67} = {D37326B2-69C5-47CB-8938-75F57103CE4A}
		{BC9D6679-DEEB-4D85-AC8D-9B98DB9B5DA4} = {6F23647A-0722-45B5-8747-15012D4CDC67}
		{73137FE3-62B0-46C6-B0CA-A932C5DE0022} = {AF817397-9C7E-4A04-8EA7-81235389553E}
		{C2BEE3F8-7A00-4F3B-868D-67A12C10FBC3} = {E36387E0-FB42-461D-8F67-87A146013757}
		{8E410518-04ED-41CC-B95A-B244350CAC40} = {D37326B2-69C5-47CB-8938-75F57103CE4A}
		{6BFD0D5F-FC66-47E0-9AB0-89983917209B} = {8E410518-04ED-41CC-B95A-B244350CAC40}
		{9D1FF999-8E4B-4E44-8926-F14B76928DED} = {8E410518-04ED-41CC-B95A-B244350CAC40}
		{CBAEBFED-F9EF-484E-85BC-82CB170AA997} = {F5F6882E-6C28-416E-A7DB-53FB205F97AA}
	EndGlobalSection
	GlobalSection(ExtensibilityGlobals) = postSolution
		SolutionGuid = {8980DF27-7947-42E7-8B58-A3D3D3C2F2B6}
	EndGlobalSection
EndGlobal
